
Microsoft Visual Studio Solution File, Format Version 12.00
# Visual Studio Version 16
VisualStudioVersion = 16.0.31911.196
MinimumVisualStudioVersion = 10.0.40219.1
Project("{FAE04EC0-301F-11D3-BF4B-00C04F79EFBC}") = "Trager", "Trager\Trager.csproj", "{A701A69B-A530-4E15-A142-8805EC3C27FF}"
EndProject
Global
	GlobalSection(SolutionConfigurationPlatforms) = preSolution
		Debug|Any CPU = Debug|Any CPU
		Release|Any CPU = Release|Any CPU
	EndGlobalSection
	GlobalSection(ProjectConfigurationPlatforms) = postSolution
		{A701A69B-A530-4E15-A142-8805EC3C27FF}.Debug|Any CPU.ActiveCfg = Debug|Any CPU
		{A701A69B-A530-4E15-A142-8805EC3C27FF}.Debug|Any CPU.Build.0 = Debug|Any CPU
		{A701A69B-A530-4E15-A142-8805EC3C27FF}.Release|Any CPU.ActiveCfg = Release|Any CPU
		{A701A69B-A530-4E15-A142-8805EC3C27FF}.Release|Any CPU.Build.0 = Release|Any CPU
	EndGlobalSection
	GlobalSection(SolutionProperties) = preSolution
		HideSolutionNode = FALSE
	EndGlobalSection
	GlobalSection(ExtensibilityGlobals) = postSolution
		SolutionGuid = {C8095E8F-1EB0-490C-A127-65FB34ED92DB}
	EndGlobalSection
EndGlobal
